
Microsoft Visual Studio Solution File, Format Version 12.00
# Visual Studio 15
VisualStudioVersion = 15.0.27130.2027
MinimumVisualStudioVersion = 10.0.40219.1
Project("{FAE04EC0-301F-11D3-BF4B-00C04F79EFBC}") = "SmartHome.Android", "SmartHome\SmartHome.Android\SmartHome.Android.csproj", "{390167E6-A198-4FD9-AF44-5ACF799A700D}"
EndProject
Project("{FAE04EC0-301F-11D3-BF4B-00C04F79EFBC}") = "SmartHome.iOS", "SmartHome\SmartHome.iOS\SmartHome.iOS.csproj", "{AB157B9A-AFD6-4104-8601-7BE0FF1F3D3B}"
EndProject
Project("{FAE04EC0-301F-11D3-BF4B-00C04F79EFBC}") = "SmartHome.UWP", "SmartHome\SmartHome.UWP\SmartHome.UWP.csproj", "{C476151D-96C1-4A22-A2E4-171C5D1D44D4}"
EndProject
Project("{FAE04EC0-301F-11D3-BF4B-00C04F79EFBC}") = "SmartHome", "SmartHome\SmartHome\SmartHome.csproj", "{6CF75487-E525-437C-B2E0-07B275E82C54}"
EndProject
Global
	GlobalSection(SolutionConfigurationPlatforms) = preSolution
		Ad-Hoc|Any CPU = Ad-Hoc|Any CPU
		Ad-Hoc|ARM = Ad-Hoc|ARM
		Ad-Hoc|iPhone = Ad-Hoc|iPhone
		Ad-Hoc|iPhoneSimulator = Ad-Hoc|iPhoneSimulator
		Ad-Hoc|x64 = Ad-Hoc|x64
		Ad-Hoc|x86 = Ad-Hoc|x86
		AppStore|Any CPU = AppStore|Any CPU
		AppStore|ARM = AppStore|ARM
		AppStore|iPhone = AppStore|iPhone
		AppStore|iPhoneSimulator = AppStore|iPhoneSimulator
		AppStore|x64 = AppStore|x64
		AppStore|x86 = AppStore|x86
		Debug|Any CPU = Debug|Any CPU
		Debug|ARM = Debug|ARM
		Debug|iPhone = Debug|iPhone
		Debug|iPhoneSimulator = Debug|iPhoneSimulator
		Debug|x64 = Debug|x64
		Debug|x86 = Debug|x86
		Release|Any CPU = Release|Any CPU
		Release|ARM = Release|ARM
		Release|iPhone = Release|iPhone
		Release|iPhoneSimulator = Release|iPhoneSimulator
		Release|x64 = Release|x64
		Release|x86 = Release|x86
	EndGlobalSection
	GlobalSection(ProjectConfigurationPlatforms) = postSolution
		{390167E6-A198-4FD9-AF44-5ACF799A700D}.Ad-Hoc|Any CPU.ActiveCfg = Release|Any CPU
		{390167E6-A198-4FD9-AF44-5ACF799A700D}.Ad-Hoc|Any CPU.Build.0 = Release|Any CPU
		{390167E6-A198-4FD9-AF44-5ACF799A700D}.Ad-Hoc|Any CPU.Deploy.0 = Release|Any CPU
		{390167E6-A198-4FD9-AF44-5ACF799A700D}.Ad-Hoc|ARM.ActiveCfg = Release|Any CPU
		{390167E6-A198-4FD9-AF44-5ACF799A700D}.Ad-Hoc|ARM.Build.0 = Release|Any CPU
		{390167E6-A198-4FD9-AF44-5ACF799A700D}.Ad-Hoc|ARM.Deploy.0 = Release|Any CPU
		{390167E6-A198-4FD9-AF44-5ACF799A700D}.Ad-Hoc|iPhone.ActiveCfg = Release|Any CPU
		{390167E6-A198-4FD9-AF44-5ACF799A700D}.Ad-Hoc|iPhone.Build.0 = Release|Any CPU
		{390167E6-A198-4FD9-AF44-5ACF799A700D}.Ad-Hoc|iPhone.Deploy.0 = Release|Any CPU
		{390167E6-A198-4FD9-AF44-5ACF799A700D}.Ad-Hoc|iPhoneSimulator.ActiveCfg = Release|Any CPU
		{390167E6-A198-4FD9-AF44-5ACF799A700D}.Ad-Hoc|iPhoneSimulator.Build.0 = Release|Any CPU
		{390167E6-A198-4FD9-AF44-5ACF799A700D}.Ad-Hoc|iPhoneSimulator.Deploy.0 = Release|Any CPU
		{390167E6-A198-4FD9-AF44-5ACF799A700D}.Ad-Hoc|x64.ActiveCfg = Release|Any CPU
		{390167E6-A198-4FD9-AF44-5ACF799A700D}.Ad-Hoc|x64.Build.0 = Release|Any CPU
		{390167E6-A198-4FD9-AF44-5ACF799A700D}.Ad-Hoc|x64.Deploy.0 = Release|Any CPU
		{390167E6-A198-4FD9-AF44-5ACF799A700D}.Ad-Hoc|x86.ActiveCfg = Release|Any CPU
		{390167E6-A198-4FD9-AF44-5ACF799A700D}.Ad-Hoc|x86.Build.0 = Release|Any CPU
		{390167E6-A198-4FD9-AF44-5ACF799A700D}.Ad-Hoc|x86.Deploy.0 = Release|Any CPU
		{390167E6-A198-4FD9-AF44-5ACF799A700D}.AppStore|Any CPU.ActiveCfg = Release|Any CPU
		{390167E6-A198-4FD9-AF44-5ACF799A700D}.AppStore|Any CPU.Build.0 = Release|Any CPU
		{390167E6-A198-4FD9-AF44-5ACF799A700D}.AppStore|Any CPU.Deploy.0 = Release|Any CPU
		{390167E6-A198-4FD9-AF44-5ACF799A700D}.AppStore|ARM.ActiveCfg = Release|Any CPU
		{390167E6-A198-4FD9-AF44-5ACF799A700D}.AppStore|ARM.Build.0 = Release|Any CPU
		{390167E6-A198-4FD9-AF44-5ACF799A700D}.AppStore|ARM.Deploy.0 = Release|Any CPU
		{390167E6-A198-4FD9-AF44-5ACF799A700D}.AppStore|iPhone.ActiveCfg = Release|Any CPU
		{390167E6-A198-4FD9-AF44-5ACF799A700D}.AppStore|iPhone.Build.0 = Release|Any CPU
		{390167E6-A198-4FD9-AF44-5ACF799A700D}.AppStore|iPhone.Deploy.0 = Release|Any CPU
		{390167E6-A198-4FD9-AF44-5ACF799A700D}.AppStore|iPhoneSimulator.ActiveCfg = Release|Any CPU
		{390167E6-A198-4FD9-AF44-5ACF799A700D}.AppStore|iPhoneSimulator.Build.0 = Release|Any CPU
		{390167E6-A198-4FD9-AF44-5ACF799A700D}.AppStore|iPhoneSimulator.Deploy.0 = Release|Any CPU
		{390167E6-A198-4FD9-AF44-5ACF799A700D}.AppStore|x64.ActiveCfg = Release|Any CPU
		{390167E6-A198-4FD9-AF44-5ACF799A700D}.AppStore|x64.Build.0 = Release|Any CPU
		{390167E6-A198-4FD9-AF44-5ACF799A700D}.AppStore|x64.Deploy.0 = Release|Any CPU
		{390167E6-A198-4FD9-AF44-5ACF799A700D}.AppStore|x86.ActiveCfg = Release|Any CPU
		{390167E6-A198-4FD9-AF44-5ACF799A700D}.AppStore|x86.Build.0 = Release|Any CPU
		{390167E6-A198-4FD9-AF44-5ACF799A700D}.AppStore|x86.Deploy.0 = Release|Any CPU
		{390167E6-A198-4FD9-AF44-5ACF799A700D}.Debug|Any CPU.ActiveCfg = Debug|Any CPU
		{390167E6-A198-4FD9-AF44-5ACF799A700D}.Debug|Any CPU.Build.0 = Debug|Any CPU
		{390167E6-A198-4FD9-AF44-5ACF799A700D}.Debug|Any CPU.Deploy.0 = Debug|Any CPU
		{390167E6-A198-4FD9-AF44-5ACF799A700D}.Debug|ARM.ActiveCfg = Debug|Any CPU
		{390167E6-A198-4FD9-AF44-5ACF799A700D}.Debug|ARM.Build.0 = Debug|Any CPU
		{390167E6-A198-4FD9-AF44-5ACF799A700D}.Debug|ARM.Deploy.0 = Debug|Any CPU
		{390167E6-A198-4FD9-AF44-5ACF799A700D}.Debug|iPhone.ActiveCfg = Debug|Any CPU
		{390167E6-A198-4FD9-AF44-5ACF799A700D}.Debug|iPhone.Build.0 = Debug|Any CPU
		{390167E6-A198-4FD9-AF44-5ACF799A700D}.Debug|iPhone.Deploy.0 = Debug|Any CPU
		{390167E6-A198-4FD9-AF44-5ACF799A700D}.Debug|iPhoneSimulator.ActiveCfg = Debug|Any CPU
		{390167E6-A198-4FD9-AF44-5ACF799A700D}.Debug|iPhoneSimulator.Build.0 = Debug|Any CPU
		{390167E6-A198-4FD9-AF44-5ACF799A700D}.Debug|iPhoneSimulator.Deploy.0 = Debug|Any CPU
		{390167E6-A198-4FD9-AF44-5ACF799A700D}.Debug|x64.ActiveCfg = Debug|Any CPU
		{390167E6-A198-4FD9-AF44-5ACF799A700D}.Debug|x64.Build.0 = Debug|Any CPU
		{390167E6-A198-4FD9-AF44-5ACF799A700D}.Debug|x64.Deploy.0 = Debug|Any CPU
		{390167E6-A198-4FD9-AF44-5ACF799A700D}.Debug|x86.ActiveCfg = Debug|Any CPU
		{390167E6-A198-4FD9-AF44-5ACF799A700D}.Debug|x86.Build.0 = Debug|Any CPU
		{390167E6-A198-4FD9-AF44-5ACF799A700D}.Debug|x86.Deploy.0 = Debug|Any CPU
		{390167E6-A198-4FD9-AF44-5ACF799A700D}.Release|Any CPU.ActiveCfg = Release|Any CPU
		{390167E6-A198-4FD9-AF44-5ACF799A700D}.Release|Any CPU.Build.0 = Release|Any CPU
		{390167E6-A198-4FD9-AF44-5ACF799A700D}.Release|Any CPU.Deploy.0 = Release|Any CPU
		{390167E6-A198-4FD9-AF44-5ACF799A700D}.Release|ARM.ActiveCfg = Release|Any CPU
		{390167E6-A198-4FD9-AF44-5ACF799A700D}.Release|ARM.Build.0 = Release|Any CPU
		{390167E6-A198-4FD9-AF44-5ACF799A700D}.Release|ARM.Deploy.0 = Release|Any CPU
		{390167E6-A198-4FD9-AF44-5ACF799A700D}.Release|iPhone.ActiveCfg = Release|Any CPU
		{390167E6-A198-4FD9-AF44-5ACF799A700D}.Release|iPhone.Build.0 = Release|Any CPU
		{390167E6-A198-4FD9-AF44-5ACF799A700D}.Release|iPhone.Deploy.0 = Release|Any CPU
		{390167E6-A198-4FD9-AF44-5ACF799A700D}.Release|iPhoneSimulator.ActiveCfg = Release|Any CPU
		{390167E6-A198-4FD9-AF44-5ACF799A700D}.Release|iPhoneSimulator.Build.0 = Release|Any CPU
		{390167E6-A198-4FD9-AF44-5ACF799A700D}.Release|iPhoneSimulator.Deploy.0 = Release|Any CPU
		{390167E6-A198-4FD9-AF44-5ACF799A700D}.Release|x64.ActiveCfg = Release|Any CPU
		{390167E6-A198-4FD9-AF44-5ACF799A700D}.Release|x64.Build.0 = Release|Any CPU
		{390167E6-A198-4FD9-AF44-5ACF799A700D}.Release|x64.Deploy.0 = Release|Any CPU
		{390167E6-A198-4FD9-AF44-5ACF799A700D}.Release|x86.ActiveCfg = Release|Any CPU
		{390167E6-A198-4FD9-AF44-5ACF799A700D}.Release|x86.Build.0 = Release|Any CPU
		{390167E6-A198-4FD9-AF44-5ACF799A700D}.Release|x86.Deploy.0 = Release|Any CPU
		{AB157B9A-AFD6-4104-8601-7BE0FF1F3D3B}.Ad-Hoc|Any CPU.ActiveCfg = Ad-Hoc|iPhone
		{AB157B9A-AFD6-4104-8601-7BE0FF1F3D3B}.Ad-Hoc|ARM.ActiveCfg = Ad-Hoc|iPhone
		{AB157B9A-AFD6-4104-8601-7BE0FF1F3D3B}.Ad-Hoc|iPhone.ActiveCfg = Ad-Hoc|iPhone
		{AB157B9A-AFD6-4104-8601-7BE0FF1F3D3B}.Ad-Hoc|iPhone.Build.0 = Ad-Hoc|iPhone
		{AB157B9A-AFD6-4104-8601-7BE0FF1F3D3B}.Ad-Hoc|iPhoneSimulator.ActiveCfg = Ad-Hoc|iPhoneSimulator
		{AB157B9A-AFD6-4104-8601-7BE0FF1F3D3B}.Ad-Hoc|iPhoneSimulator.Build.0 = Ad-Hoc|iPhoneSimulator
		{AB157B9A-AFD6-4104-8601-7BE0FF1F3D3B}.Ad-Hoc|x64.ActiveCfg = Ad-Hoc|iPhone
		{AB157B9A-AFD6-4104-8601-7BE0FF1F3D3B}.Ad-Hoc|x86.ActiveCfg = Ad-Hoc|iPhone
		{AB157B9A-AFD6-4104-8601-7BE0FF1F3D3B}.AppStore|Any CPU.ActiveCfg = AppStore|iPhone
		{AB157B9A-AFD6-4104-8601-7BE0FF1F3D3B}.AppStore|ARM.ActiveCfg = AppStore|iPhone
		{AB157B9A-AFD6-4104-8601-7BE0FF1F3D3B}.AppStore|iPhone.ActiveCfg = AppStore|iPhone
		{AB157B9A-AFD6-4104-8601-7BE0FF1F3D3B}.AppStore|iPhone.Build.0 = AppStore|iPhone
		{AB157B9A-AFD6-4104-8601-7BE0FF1F3D3B}.AppStore|iPhoneSimulator.ActiveCfg = AppStore|iPhoneSimulator
		{AB157B9A-AFD6-4104-8601-7BE0FF1F3D3B}.AppStore|iPhoneSimulator.Build.0 = AppStore|iPhoneSimulator
		{AB157B9A-AFD6-4104-8601-7BE0FF1F3D3B}.AppStore|x64.ActiveCfg = AppStore|iPhone
		{AB157B9A-AFD6-4104-8601-7BE0FF1F3D3B}.AppStore|x86.ActiveCfg = AppStore|iPhone
		{AB157B9A-AFD6-4104-8601-7BE0FF1F3D3B}.Debug|Any CPU.ActiveCfg = Debug|iPhone
		{AB157B9A-AFD6-4104-8601-7BE0FF1F3D3B}.Debug|ARM.ActiveCfg = Debug|iPhone
		{AB157B9A-AFD6-4104-8601-7BE0FF1F3D3B}.Debug|iPhone.ActiveCfg = Debug|iPhone
		{AB157B9A-AFD6-4104-8601-7BE0FF1F3D3B}.Debug|iPhone.Build.0 = Debug|iPhone
		{AB157B9A-AFD6-4104-8601-7BE0FF1F3D3B}.Debug|iPhoneSimulator.ActiveCfg = Debug|iPhoneSimulator
		{AB157B9A-AFD6-4104-8601-7BE0FF1F3D3B}.Debug|iPhoneSimulator.Build.0 = Debug|iPhoneSimulator
		{AB157B9A-AFD6-4104-8601-7BE0FF1F3D3B}.Debug|x64.ActiveCfg = Debug|iPhone
		{AB157B9A-AFD6-4104-8601-7BE0FF1F3D3B}.Debug|x86.ActiveCfg = Debug|iPhone
		{AB157B9A-AFD6-4104-8601-7BE0FF1F3D3B}.Release|Any CPU.ActiveCfg = Release|iPhone
		{AB157B9A-AFD6-4104-8601-7BE0FF1F3D3B}.Release|ARM.ActiveCfg = Release|iPhone
		{AB157B9A-AFD6-4104-8601-7BE0FF1F3D3B}.Release|iPhone.ActiveCfg = Release|iPhone
		{AB157B9A-AFD6-4104-8601-7BE0FF1F3D3B}.Release|iPhone.Build.0 = Release|iPhone
		{AB157B9A-AFD6-4104-8601-7BE0FF1F3D3B}.Release|iPhoneSimulator.ActiveCfg = Release|iPhoneSimulator
		{AB157B9A-AFD6-4104-8601-7BE0FF1F3D3B}.Release|iPhoneSimulator.Build.0 = Release|iPhoneSimulator
		{AB157B9A-AFD6-4104-8601-7BE0FF1F3D3B}.Release|x64.ActiveCfg = Release|iPhone
		{AB157B9A-AFD6-4104-8601-7BE0FF1F3D3B}.Release|x86.ActiveCfg = Release|iPhone
		{C476151D-96C1-4A22-A2E4-171C5D1D44D4}.Ad-Hoc|Any CPU.ActiveCfg = Release|x86
		{C476151D-96C1-4A22-A2E4-171C5D1D44D4}.Ad-Hoc|Any CPU.Build.0 = Release|x86
		{C476151D-96C1-4A22-A2E4-171C5D1D44D4}.Ad-Hoc|Any CPU.Deploy.0 = Release|x86
		{C476151D-96C1-4A22-A2E4-171C5D1D44D4}.Ad-Hoc|ARM.ActiveCfg = Release|ARM
		{C476151D-96C1-4A22-A2E4-171C5D1D44D4}.Ad-Hoc|ARM.Build.0 = Release|ARM
		{C476151D-96C1-4A22-A2E4-171C5D1D44D4}.Ad-Hoc|ARM.Deploy.0 = Release|ARM
		{C476151D-96C1-4A22-A2E4-171C5D1D44D4}.Ad-Hoc|iPhone.ActiveCfg = Release|x86
		{C476151D-96C1-4A22-A2E4-171C5D1D44D4}.Ad-Hoc|iPhone.Build.0 = Release|x86
		{C476151D-96C1-4A22-A2E4-171C5D1D44D4}.Ad-Hoc|iPhone.Deploy.0 = Release|x86
		{C476151D-96C1-4A22-A2E4-171C5D1D44D4}.Ad-Hoc|iPhoneSimulator.ActiveCfg = Release|x86
		{C476151D-96C1-4A22-A2E4-171C5D1D44D4}.Ad-Hoc|iPhoneSimulator.Build.0 = Release|x86
		{C476151D-96C1-4A22-A2E4-171C5D1D44D4}.Ad-Hoc|iPhoneSimulator.Deploy.0 = Release|x86
		{C476151D-96C1-4A22-A2E4-171C5D1D44D4}.Ad-Hoc|x64.ActiveCfg = Release|x64
		{C476151D-96C1-4A22-A2E4-171C5D1D44D4}.Ad-Hoc|x64.Build.0 = Release|x64
		{C476151D-96C1-4A22-A2E4-171C5D1D44D4}.Ad-Hoc|x64.Deploy.0 = Release|x64
		{C476151D-96C1-4A22-A2E4-171C5D1D44D4}.Ad-Hoc|x86.ActiveCfg = Release|x86
		{C476151D-96C1-4A22-A2E4-171C5D1D44D4}.Ad-Hoc|x86.Build.0 = Release|x86
		{C476151D-96C1-4A22-A2E4-171C5D1D44D4}.Ad-Hoc|x86.Deploy.0 = Release|x86
		{C476151D-96C1-4A22-A2E4-171C5D1D44D4}.AppStore|Any CPU.ActiveCfg = Release|x86
		{C476151D-96C1-4A22-A2E4-171C5D1D44D4}.AppStore|Any CPU.Build.0 = Release|x86
		{C476151D-96C1-4A22-A2E4-171C5D1D44D4}.AppStore|Any CPU.Deploy.0 = Release|x86
		{C476151D-96C1-4A22-A2E4-171C5D1D44D4}.AppStore|ARM.ActiveCfg = Release|ARM
		{C476151D-96C1-4A22-A2E4-171C5D1D44D4}.AppStore|ARM.Build.0 = Release|ARM
		{C476151D-96C1-4A22-A2E4-171C5D1D44D4}.AppStore|ARM.Deploy.0 = Release|ARM
		{C476151D-96C1-4A22-A2E4-171C5D1D44D4}.AppStore|iPhone.ActiveCfg = Release|x86
		{C476151D-96C1-4A22-A2E4-171C5D1D44D4}.AppStore|iPhone.Build.0 = Release|x86
		{C476151D-96C1-4A22-A2E4-171C5D1D44D4}.AppStore|iPhone.Deploy.0 = Release|x86
		{C476151D-96C1-4A22-A2E4-171C5D1D44D4}.AppStore|iPhoneSimulator.ActiveCfg = Release|x86
		{C476151D-96C1-4A22-A2E4-171C5D1D44D4}.AppStore|iPhoneSimulator.Build.0 = Release|x86
		{C476151D-96C1-4A22-A2E4-171C5D1D44D4}.AppStore|iPhoneSimulator.Deploy.0 = Release|x86
		{C476151D-96C1-4A22-A2E4-171C5D1D44D4}.AppStore|x64.ActiveCfg = Release|x64
		{C476151D-96C1-4A22-A2E4-171C5D1D44D4}.AppStore|x64.Build.0 = Release|x64
		{C476151D-96C1-4A22-A2E4-171C5D1D44D4}.AppStore|x64.Deploy.0 = Release|x64
		{C476151D-96C1-4A22-A2E4-171C5D1D44D4}.AppStore|x86.ActiveCfg = Release|x86
		{C476151D-96C1-4A22-A2E4-171C5D1D44D4}.AppStore|x86.Build.0 = Release|x86
		{C476151D-96C1-4A22-A2E4-171C5D1D44D4}.AppStore|x86.Deploy.0 = Release|x86
		{C476151D-96C1-4A22-A2E4-171C5D1D44D4}.Debug|Any CPU.ActiveCfg = Debug|x86
		{C476151D-96C1-4A22-A2E4-171C5D1D44D4}.Debug|ARM.ActiveCfg = Debug|ARM
		{C476151D-96C1-4A22-A2E4-171C5D1D44D4}.Debug|ARM.Build.0 = Debug|ARM
		{C476151D-96C1-4A22-A2E4-171C5D1D44D4}.Debug|ARM.Deploy.0 = Debug|ARM
		{C476151D-96C1-4A22-A2E4-171C5D1D44D4}.Debug|iPhone.ActiveCfg = Debug|x86
		{C476151D-96C1-4A22-A2E4-171C5D1D44D4}.Debug|iPhoneSimulator.ActiveCfg = Debug|x86
		{C476151D-96C1-4A22-A2E4-171C5D1D44D4}.Debug|x64.ActiveCfg = Debug|x64
		{C476151D-96C1-4A22-A2E4-171C5D1D44D4}.Debug|x64.Build.0 = Debug|x64
		{C476151D-96C1-4A22-A2E4-171C5D1D44D4}.Debug|x64.Deploy.0 = Debug|x64
		{C476151D-96C1-4A22-A2E4-171C5D1D44D4}.Debug|x86.ActiveCfg = Debug|x86
		{C476151D-96C1-4A22-A2E4-171C5D1D44D4}.Debug|x86.Build.0 = Debug|x86
		{C476151D-96C1-4A22-A2E4-171C5D1D44D4}.Debug|x86.Deploy.0 = Debug|x86
		{C476151D-96C1-4A22-A2E4-171C5D1D44D4}.Release|Any CPU.ActiveCfg = Release|x86
		{C476151D-96C1-4A22-A2E4-171C5D1D44D4}.Release|ARM.ActiveCfg = Release|ARM
		{C476151D-96C1-4A22-A2E4-171C5D1D44D4}.Release|ARM.Build.0 = Release|ARM
		{C476151D-96C1-4A22-A2E4-171C5D1D44D4}.Release|ARM.Deploy.0 = Release|ARM
		{C476151D-96C1-4A22-A2E4-171C5D1D44D4}.Release|iPhone.ActiveCfg = Release|x86
		{C476151D-96C1-4A22-A2E4-171C5D1D44D4}.Release|iPhoneSimulator.ActiveCfg = Release|x86
		{C476151D-96C1-4A22-A2E4-171C5D1D44D4}.Release|x64.ActiveCfg = Release|x64
		{C476151D-96C1-4A22-A2E4-171C5D1D44D4}.Release|x64.Build.0 = Release|x64
		{C476151D-96C1-4A22-A2E4-171C5D1D44D4}.Release|x64.Deploy.0 = Release|x64
		{C476151D-96C1-4A22-A2E4-171C5D1D44D4}.Release|x86.ActiveCfg = Release|x86
		{C476151D-96C1-4A22-A2E4-171C5D1D44D4}.Release|x86.Build.0 = Release|x86
		{C476151D-96C1-4A22-A2E4-171C5D1D44D4}.Release|x86.Deploy.0 = Release|x86
		{6CF75487-E525-437C-B2E0-07B275E82C54}.Ad-Hoc|Any CPU.ActiveCfg = Debug|Any CPU
		{6CF75487-E525-437C-B2E0-07B275E82C54}.Ad-Hoc|Any CPU.Build.0 = Debug|Any CPU
		{6CF75487-E525-437C-B2E0-07B275E82C54}.Ad-Hoc|ARM.ActiveCfg = Debug|Any CPU
		{6CF75487-E525-437C-B2E0-07B275E82C54}.Ad-Hoc|ARM.Build.0 = Debug|Any CPU
		{6CF75487-E525-437C-B2E0-07B275E82C54}.Ad-Hoc|iPhone.ActiveCfg = Debug|Any CPU
		{6CF75487-E525-437C-B2E0-07B275E82C54}.Ad-Hoc|iPhone.Build.0 = Debug|Any CPU
		{6CF75487-E525-437C-B2E0-07B275E82C54}.Ad-Hoc|iPhoneSimulator.ActiveCfg = Debug|Any CPU
		{6CF75487-E525-437C-B2E0-07B275E82C54}.Ad-Hoc|iPhoneSimulator.Build.0 = Debug|Any CPU
		{6CF75487-E525-437C-B2E0-07B275E82C54}.Ad-Hoc|x64.ActiveCfg = Debug|Any CPU
		{6CF75487-E525-437C-B2E0-07B275E82C54}.Ad-Hoc|x64.Build.0 = Debug|Any CPU
		{6CF75487-E525-437C-B2E0-07B275E82C54}.Ad-Hoc|x86.ActiveCfg = Debug|Any CPU
		{6CF75487-E525-437C-B2E0-07B275E82C54}.Ad-Hoc|x86.Build.0 = Debug|Any CPU
		{6CF75487-E525-437C-B2E0-07B275E82C54}.AppStore|Any CPU.ActiveCfg = Debug|Any CPU
		{6CF75487-E525-437C-B2E0-07B275E82C54}.AppStore|Any CPU.Build.0 = Debug|Any CPU
		{6CF75487-E525-437C-B2E0-07B275E82C54}.AppStore|ARM.ActiveCfg = Debug|Any CPU
		{6CF75487-E525-437C-B2E0-07B275E82C54}.AppStore|ARM.Build.0 = Debug|Any CPU
		{6CF75487-E525-437C-B2E0-07B275E82C54}.AppStore|iPhone.ActiveCfg = Debug|Any CPU
		{6CF75487-E525-437C-B2E0-07B275E82C54}.AppStore|iPhone.Build.0 = Debug|Any CPU
		{6CF75487-E525-437C-B2E0-07B275E82C54}.AppStore|iPhoneSimulator.ActiveCfg = Debug|Any CPU
		{6CF75487-E525-437C-B2E0-07B275E82C54}.AppStore|iPhoneSimulator.Build.0 = Debug|Any CPU
		{6CF75487-E525-437C-B2E0-07B275E82C54}.AppStore|x64.ActiveCfg = Debug|Any CPU
		{6CF75487-E525-437C-B2E0-07B275E82C54}.AppStore|x64.Build.0 = Debug|Any CPU
		{6CF75487-E525-437C-B2E0-07B275E82C54}.AppStore|x86.ActiveCfg = Debug|Any CPU
		{6CF75487-E525-437C-B2E0-07B275E82C54}.AppStore|x86.Build.0 = Debug|Any CPU
		{6CF75487-E525-437C-B2E0-07B275E82C54}.Debug|Any CPU.ActiveCfg = Debug|Any CPU
		{6CF75487-E525-437C-B2E0-07B275E82C54}.Debug|Any CPU.Build.0 = Debug|Any CPU
		{6CF75487-E525-437C-B2E0-07B275E82C54}.Debug|ARM.ActiveCfg = Debug|Any CPU
		{6CF75487-E525-437C-B2E0-07B275E82C54}.Debug|ARM.Build.0 = Debug|Any CPU
		{6CF75487-E525-437C-B2E0-07B275E82C54}.Debug|iPhone.ActiveCfg = Debug|Any CPU
		{6CF75487-E525-437C-B2E0-07B275E82C54}.Debug|iPhone.Build.0 = Debug|Any CPU
		{6CF75487-E525-437C-B2E0-07B275E82C54}.Debug|iPhoneSimulator.ActiveCfg = Debug|Any CPU
		{6CF75487-E525-437C-B2E0-07B275E82C54}.Debug|iPhoneSimulator.Build.0 = Debug|Any CPU
		{6CF75487-E525-437C-B2E0-07B275E82C54}.Debug|x64.ActiveCfg = Debug|Any CPU
		{6CF75487-E525-437C-B2E0-07B275E82C54}.Debug|x64.Build.0 = Debug|Any CPU
		{6CF75487-E525-437C-B2E0-07B275E82C54}.Debug|x86.ActiveCfg = Debug|Any CPU
		{6CF75487-E525-437C-B2E0-07B275E82C54}.Debug|x86.Build.0 = Debug|Any CPU
		{6CF75487-E525-437C-B2E0-07B275E82C54}.Release|Any CPU.ActiveCfg = Release|Any CPU
		{6CF75487-E525-437C-B2E0-07B275E82C54}.Release|Any CPU.Build.0 = Release|Any CPU
		{6CF75487-E525-437C-B2E0-07B275E82C54}.Release|ARM.ActiveCfg = Release|Any CPU
		{6CF75487-E525-437C-B2E0-07B275E82C54}.Release|ARM.Build.0 = Release|Any CPU
		{6CF75487-E525-437C-B2E0-07B275E82C54}.Release|iPhone.ActiveCfg = Release|Any CPU
		{6CF75487-E525-437C-B2E0-07B275E82C54}.Release|iPhone.Build.0 = Release|Any CPU
		{6CF75487-E525-437C-B2E0-07B275E82C54}.Release|iPhoneSimulator.ActiveCfg = Release|Any CPU
		{6CF75487-E525-437C-B2E0-07B275E82C54}.Release|iPhoneSimulator.Build.0 = Release|Any CPU
		{6CF75487-E525-437C-B2E0-07B275E82C54}.Release|x64.ActiveCfg = Release|Any CPU
		{6CF75487-E525-437C-B2E0-07B275E82C54}.Release|x64.Build.0 = Release|Any CPU
		{6CF75487-E525-437C-B2E0-07B275E82C54}.Release|x86.ActiveCfg = Release|Any CPU
		{6CF75487-E525-437C-B2E0-07B275E82C54}.Release|x86.Build.0 = Release|Any CPU
	EndGlobalSection
	GlobalSection(SolutionProperties) = preSolution
		HideSolutionNode = FALSE
	EndGlobalSection
	GlobalSection(ExtensibilityGlobals) = postSolution
		SolutionGuid = {EF2FB7F3-853E-4BC4-AC27-721639683D82}
	EndGlobalSection
EndGlobal
